
Microsoft Visual Studio Solution File, Format Version 12.00
Project("{FAE04EC0-301F-11D3-BF4B-00C04F79EFBC}") = "YandexMusicResolver", "YandexMusicResolver\YandexMusicResolver.csproj", "{1D680DB9-AC4D-4542-8DB5-3CF4E0E915B1}"
EndProject
Global
	GlobalSection(SolutionConfigurationPlatforms) = preSolution
		Debug|Any CPU = Debug|Any CPU
		Release|Any CPU = Release|Any CPU
	EndGlobalSection
	GlobalSection(ProjectConfigurationPlatforms) = postSolution
		{1D680DB9-AC4D-4542-8DB5-3CF4E0E915B1}.Debug|Any CPU.ActiveCfg = Debug|Any CPU
		{1D680DB9-AC4D-4542-8DB5-3CF4E0E915B1}.Debug|Any CPU.Build.0 = Debug|Any CPU
		{1D680DB9-AC4D-4542-8DB5-3CF4E0E915B1}.Release|Any CPU.ActiveCfg = Release|Any CPU
		{1D680DB9-AC4D-4542-8DB5-3CF4E0E915B1}.Release|Any CPU.Build.0 = Release|Any CPU
	EndGlobalSection
EndGlobal
